
Microsoft Visual Studio Solution File, Format Version 12.00
# Visual Studio Version 16
VisualStudioVersion = 16.0.32802.440
MinimumVisualStudioVersion = 10.0.40219.1
Project("{FAE04EC0-301F-11D3-BF4B-00C04F79EFBC}") = "Yak_yak", "Yak-yak\Yak_yak\Yak_yak.csproj", "{E94F329E-1E8F-4AEB-8500-2825791D563F}"
EndProject
Project("{96E2B04D-8817-42C6-938A-82C39BA4D311}") = "Yak_yakContent", "Yak-yak\Yak_yakContent\Yak_yakContent.contentproj", "{D6FC10FD-0759-40A9-A635-B734D04049AE}"
EndProject
Global
	GlobalSection(SolutionConfigurationPlatforms) = preSolution
		Debug|x86 = Debug|x86
		Release|x86 = Release|x86
	EndGlobalSection
	GlobalSection(ProjectConfigurationPlatforms) = postSolution
		{E94F329E-1E8F-4AEB-8500-2825791D563F}.Debug|x86.ActiveCfg = Debug|x86
		{E94F329E-1E8F-4AEB-8500-2825791D563F}.Debug|x86.Build.0 = Debug|x86
		{E94F329E-1E8F-4AEB-8500-2825791D563F}.Release|x86.ActiveCfg = Release|x86
		{E94F329E-1E8F-4AEB-8500-2825791D563F}.Release|x86.Build.0 = Release|x86
		{D6FC10FD-0759-40A9-A635-B734D04049AE}.Debug|x86.ActiveCfg = Debug|x86
		{D6FC10FD-0759-40A9-A635-B734D04049AE}.Release|x86.ActiveCfg = Release|x86
	EndGlobalSection
	GlobalSection(SolutionProperties) = preSolution
		HideSolutionNode = FALSE
	EndGlobalSection
	GlobalSection(ExtensibilityGlobals) = postSolution
		SolutionGuid = {1198DF3E-F132-4509-AD2C-50B45AEE56A5}
	EndGlobalSection
EndGlobal
