
Microsoft Visual Studio Solution File, Format Version 12.00
# Visual Studio Version 16
VisualStudioVersion = 16.0.32802.440
MinimumVisualStudioVersion = 10.0.40219.1
Project("{FAE04EC0-301F-11D3-BF4B-00C04F79EFBC}") = "PictureWindow", "PictureWindow\PictureWindow\PictureWindow.csproj", "{7FCE9075-A539-4D31-9F97-5890DCF1104F}"
EndProject
Project("{96E2B04D-8817-42C6-938A-82C39BA4D311}") = "PictureWindowContent", "PictureWindow\PictureWindowContent\PictureWindowContent.contentproj", "{0427E79E-A1FA-4F62-ADA5-EBD1B3B32443}"
EndProject
Global
	GlobalSection(SolutionConfigurationPlatforms) = preSolution
		Debug|x86 = Debug|x86
		Release|x86 = Release|x86
	EndGlobalSection
	GlobalSection(ProjectConfigurationPlatforms) = postSolution
		{7FCE9075-A539-4D31-9F97-5890DCF1104F}.Debug|x86.ActiveCfg = Debug|x86
		{7FCE9075-A539-4D31-9F97-5890DCF1104F}.Debug|x86.Build.0 = Debug|x86
		{7FCE9075-A539-4D31-9F97-5890DCF1104F}.Release|x86.ActiveCfg = Release|x86
		{7FCE9075-A539-4D31-9F97-5890DCF1104F}.Release|x86.Build.0 = Release|x86
		{0427E79E-A1FA-4F62-ADA5-EBD1B3B32443}.Debug|x86.ActiveCfg = Debug|x86
		{0427E79E-A1FA-4F62-ADA5-EBD1B3B32443}.Release|x86.ActiveCfg = Release|x86
	EndGlobalSection
	GlobalSection(SolutionProperties) = preSolution
		HideSolutionNode = FALSE
	EndGlobalSection
	GlobalSection(ExtensibilityGlobals) = postSolution
		SolutionGuid = {97AC6820-7C1B-441B-905E-06B6AA46BFCE}
	EndGlobalSection
EndGlobal
